
Microsoft Visual Studio Solution File, Format Version 12.00
# Visual Studio 15
VisualStudioVersion = 15.0.27703.2047
MinimumVisualStudioVersion = 10.0.40219.1
Project("{9A19103F-16F7-4668-BE54-9A1E7A4F7556}") = "ET_NetCore.API", "ET_NetCore\ET_NetCore.API.csproj", "{585DEE78-C51F-4DC8-BD26-425F54D70CC8}"
	ProjectSection(ProjectDependencies) = postProject
		{E09B1305-972C-42AB-A459-D47037B7ECE8} = {E09B1305-972C-42AB-A459-D47037B7ECE8}
		{25189A6F-0674-48E5-9974-18AAEF92B601} = {25189A6F-0674-48E5-9974-18AAEF92B601}
	EndProjectSection
EndProject
Project("{2150E333-8FDC-42A3-9474-1A3956D46DE8}") = "Core", "Core", "{D9B7C9FE-9EC9-48EB-A26D-22949DD9636B}"
EndProject
Project("{2150E333-8FDC-42A3-9474-1A3956D46DE8}") = "Infrastructure", "Infrastructure", "{0BEB826D-0066-4ED1-9036-E5BAE7177CEA}"
EndProject
Project("{2150E333-8FDC-42A3-9474-1A3956D46DE8}") = "Prensentation", "Prensentation", "{F377BC2C-1B68-465E-ACE6-66516F577843}"
EndProject
Project("{2150E333-8FDC-42A3-9474-1A3956D46DE8}") = "Common", "Common", "{FAAF0CA8-49AF-450A-BAD4-D462E628CEAE}"
EndProject
Project("{9A19103F-16F7-4668-BE54-9A1E7A4F7556}") = "ET.Common", "ET.Common\ET.Common.csproj", "{25189A6F-0674-48E5-9974-18AAEF92B601}"
EndProject
Project("{9A19103F-16F7-4668-BE54-9A1E7A4F7556}") = "ET.Domain", "ET.Domain\ET.Domain.csproj", "{A75E616E-7DDB-4830-9DBC-A5D0694D75A1}"
EndProject
Project("{9A19103F-16F7-4668-BE54-9A1E7A4F7556}") = "ET.Infrastructure", "ET.Infrastructure\ET.Infrastructure.csproj", "{E09B1305-972C-42AB-A459-D47037B7ECE8}"
EndProject
Project("{9A19103F-16F7-4668-BE54-9A1E7A4F7556}") = "Pachong", "Pachong\Pachong.csproj", "{86F2BF80-3CA8-43FD-A93F-017A28995683}"
EndProject
Project("{2150E333-8FDC-42A3-9474-1A3956D46DE8}") = "Application", "Application", "{910B1312-B473-40AD-B562-7CBB33BC70DC}"
EndProject
Project("{FAE04EC0-301F-11D3-BF4B-00C04F79EFBC}") = "ET.Application", "ET.Application\ET.Application.csproj", "{740C08BC-9588-4A6B-8443-1271830DDA4F}"
EndProject
Global
	GlobalSection(SolutionConfigurationPlatforms) = preSolution
		Debug|Any CPU = Debug|Any CPU
		Release|Any CPU = Release|Any CPU
	EndGlobalSection
	GlobalSection(ProjectConfigurationPlatforms) = postSolution
		{585DEE78-C51F-4DC8-BD26-425F54D70CC8}.Debug|Any CPU.ActiveCfg = Debug|Any CPU
		{585DEE78-C51F-4DC8-BD26-425F54D70CC8}.Debug|Any CPU.Build.0 = Debug|Any CPU
		{585DEE78-C51F-4DC8-BD26-425F54D70CC8}.Release|Any CPU.ActiveCfg = Release|Any CPU
		{585DEE78-C51F-4DC8-BD26-425F54D70CC8}.Release|Any CPU.Build.0 = Release|Any CPU
		{25189A6F-0674-48E5-9974-18AAEF92B601}.Debug|Any CPU.ActiveCfg = Debug|Any CPU
		{25189A6F-0674-48E5-9974-18AAEF92B601}.Debug|Any CPU.Build.0 = Debug|Any CPU
		{25189A6F-0674-48E5-9974-18AAEF92B601}.Release|Any CPU.ActiveCfg = Release|Any CPU
		{25189A6F-0674-48E5-9974-18AAEF92B601}.Release|Any CPU.Build.0 = Release|Any CPU
		{A75E616E-7DDB-4830-9DBC-A5D0694D75A1}.Debug|Any CPU.ActiveCfg = Debug|Any CPU
		{A75E616E-7DDB-4830-9DBC-A5D0694D75A1}.Debug|Any CPU.Build.0 = Debug|Any CPU
		{A75E616E-7DDB-4830-9DBC-A5D0694D75A1}.Release|Any CPU.ActiveCfg = Release|Any CPU
		{A75E616E-7DDB-4830-9DBC-A5D0694D75A1}.Release|Any CPU.Build.0 = Release|Any CPU
		{E09B1305-972C-42AB-A459-D47037B7ECE8}.Debug|Any CPU.ActiveCfg = Debug|Any CPU
		{E09B1305-972C-42AB-A459-D47037B7ECE8}.Debug|Any CPU.Build.0 = Debug|Any CPU
		{E09B1305-972C-42AB-A459-D47037B7ECE8}.Release|Any CPU.ActiveCfg = Release|Any CPU
		{E09B1305-972C-42AB-A459-D47037B7ECE8}.Release|Any CPU.Build.0 = Release|Any CPU
		{86F2BF80-3CA8-43FD-A93F-017A28995683}.Debug|Any CPU.ActiveCfg = Debug|Any CPU
		{86F2BF80-3CA8-43FD-A93F-017A28995683}.Debug|Any CPU.Build.0 = Debug|Any CPU
		{86F2BF80-3CA8-43FD-A93F-017A28995683}.Release|Any CPU.ActiveCfg = Release|Any CPU
		{86F2BF80-3CA8-43FD-A93F-017A28995683}.Release|Any CPU.Build.0 = Release|Any CPU
		{740C08BC-9588-4A6B-8443-1271830DDA4F}.Debug|Any CPU.ActiveCfg = Debug|Any CPU
		{740C08BC-9588-4A6B-8443-1271830DDA4F}.Debug|Any CPU.Build.0 = Debug|Any CPU
		{740C08BC-9588-4A6B-8443-1271830DDA4F}.Release|Any CPU.ActiveCfg = Release|Any CPU
		{740C08BC-9588-4A6B-8443-1271830DDA4F}.Release|Any CPU.Build.0 = Release|Any CPU
	EndGlobalSection
	GlobalSection(SolutionProperties) = preSolution
		HideSolutionNode = FALSE
	EndGlobalSection
	GlobalSection(NestedProjects) = preSolution
		{585DEE78-C51F-4DC8-BD26-425F54D70CC8} = {F377BC2C-1B68-465E-ACE6-66516F577843}
		{25189A6F-0674-48E5-9974-18AAEF92B601} = {FAAF0CA8-49AF-450A-BAD4-D462E628CEAE}
		{A75E616E-7DDB-4830-9DBC-A5D0694D75A1} = {D9B7C9FE-9EC9-48EB-A26D-22949DD9636B}
		{E09B1305-972C-42AB-A459-D47037B7ECE8} = {0BEB826D-0066-4ED1-9036-E5BAE7177CEA}
		{86F2BF80-3CA8-43FD-A93F-017A28995683} = {FAAF0CA8-49AF-450A-BAD4-D462E628CEAE}
		{740C08BC-9588-4A6B-8443-1271830DDA4F} = {910B1312-B473-40AD-B562-7CBB33BC70DC}
	EndGlobalSection
	GlobalSection(ExtensibilityGlobals) = postSolution
		SolutionGuid = {8E9D2343-6106-4D7F-815E-CD91546524FF}
	EndGlobalSection
EndGlobal
